github.com/d4l3k/messagediff v1.2.2-0.20190829033028-7e0a312ae40b/go.mod h1:Oozbb1TVXFac9FtSIxHBMnBCq2qeH/2KkEQxENCrlLo=
github.com/davecgh/go-spew v1.1.0/go.mod h1:J7Y8YcW2NihsgmVo/mv3lAwl/skON4iLHjSsI+c5H38=
github.com/davecgh/go-spew v1.1.1 h1:vj9j/u1bqnvCEfJOwUhtlOARqs3+rkHYY13jYWTU97c=
github.com/davecgh/go-spew v1.1.1/go.mod h1:J7Y8YcW2NihsgmVo/mv3lAwl/skON4iLHjSsI+c5H38=
github.com/google/go-cmp v0.3.1/go.mod h1:8QqcDgzrUqlUb/G2PQTWiueGozuR1884gddMywk6iLU=
github.com/inspirer/textmapper v0.0.0-20181104204410-4bdb1fb0392a/go.mod h1:SpoIwXu07A3gguovN379QUCTHpUk1lhX2KIjVxpQOas=
github.com/inspirer/textmapper v0.0.0-20181111212404-973a0cda8bfa/go.mod h1:SpoIwXu07A3gguovN379QUCTHpUk1lhX2KIjVxpQOas=
github.com/inspirer/textmapper v0.0.0-20181130124126-b0668bb65599/go.mod h1:SpoIwXu07A3gguovN379QUCTHpUk1lhX2KIjVxpQOas=
github.com/inspirer/textmapper v0.0.0-20181202234051-312f7a0d146c/go.mod h1:SpoIwXu07A3gguovN379QUCTHpUk1lhX2KIjVxpQOas=
github.com/inspirer/textmapper v0.0.0-20181209132054-5280caf89d64/go.mod h1:SpoIwXu07A3gguovN379QUCTHpUk1lhX2KIjVxpQOas=
github.com/inspirer/textmapper v0.0.0-20181224220124-bad2c4921a6b/go.mod h1:SpoIwXu07A3gguovN379QUCTHpUk1lhX2KIjVxpQOas=
github.com/inspirer/textmapper v0.0.0-20181230113252-ce12cf32c1ea/go.mod h1:SpoIwXu07A3gguovN379QUCTHpUk1lhX2KIjVxpQOas=
github.com/inspirer/textmapper v0.0.0-20190101225825-ae0b38e27780 h1:pw08V8HYitrJVu78g/A0qeKP4n88/z/4xryA3i6NY58=
github.com/inspirer/textmapper v0.0.0-20190101225825-ae0b38e27780/go.mod h1:SpoIwXu07A3gguovN379QUCTHpUk1lhX2KIjVxpQOas=
github.com/inspirer/textmapper v0.0.0-20191215163447-d4918f55a6da/go.mod h1:5ZxCWSSuiWkNxHpUUU8BXbnSOvE3THtuKa1An2XQBMs=
github.com/kr/pretty v0.1.0/go.mod h1:dAy3ld7l9f0ibDNOQOHHMYYIIbhfbHSm3C4ZsoJORNo=
github.com/kr/pty v1.1.1/go.mod h1:pFQYn66WHrOpPYNljwOMqo10TkYh1fy3cYio2l3bCsQ=
github.com/kr/text v0.1.0/go.mod h1:4Jbv+DJW3UT/LiOwJeYQe1efqtUx/iVham/4vfdArNI=
github.com/llir/ll v0.0.0-20181124143609-405448b26944/go.mod h1:a4JSuI2i1XkjU15LV11UxD243X6zJFuVeCHc63E/kGA=
github.com/llir/ll v0.0.0-20181130124432-c921b17125cd/go.mod h1:cn5BEGWlH2Dt/Zh324p1jR2GT7wYWT6oVxc1T6ghYKU=
github.com/llir/ll v0.0.0-20181207163918-0cfcde00de3f/go.mod h1:jPRfHdh8JEos8a05CSejK/nIKptCRRixCfhg0zngzpg=
github.com/llir/ll v0.0.0-20181228235520-85cf95b77ea2/go.mod h1:QSnTUqiZQX2N59KdP8TIEveBZldlGN7ypCN3fiie5WA=
github.com/llir/ll v0.0.0-20190101214934-d9b443a40870 h1:DSsVvRMBVpcLvpMrQtPEE7Ld/8601iqtVGv9a9neMCk=
github.com/llir/ll v0.0.0-20190101214934-d9b443a40870/go.mod h1:QSnTUqiZQX2N59KdP8TIEveBZldlGN7ypCN3fiie5WA=
github.com/llir/ll v0.0.0-20191220193154-e59c7d31259a h1:8dIgT/uBSaEUd8QZZFs06mfOYLFVrqzgnTYdqVbSBDk=
github.com/llir/ll v0.0.0-20191220193154-e59c7d31259a/go.mod h1:8W5HJz80PitAyPZUpOcljQxTu6LD5YKW1URTo+OjVoc=
github.com/llir/llvm v0.3.0-pre2.0.20181125234946-9b9b9240f6d2 h1:65d2Z/H2EYDAxO7Ob3zbPsOlxy9jfciFkNXCtIz5X30=
github.com/llir/llvm v0.3.0-pre2.0.20181125234946-9b9b9240f6d2/go.mod h1:GjmZh4l6Kcz7/Q1G25oyiZuD2VqOWfHwnudPDaeArAE=
github.com/llir/llvm v0.3.0-pre2.0.20181125234946-acfb969a802bc78c7ae796a4123d629e81913d2e h1:AQ8mn/NK05BEKXTavJwVXhnMp66zkghku31zuY+xKNo=
github.com/llir/llvm v0.3.0-pre2.0.20181125234946-acfb969a802bc78c7ae796a4123d629e81913d2e/go.mod h1:kW4e6xyLfWqy3fzrTJN6dA83tkMZleHxT3IxH/RRzM8=
github.com/llir/llvm v0.3.0-pre3 h1:018uZENf9RSwwlMcyu9KbZ38IVOD4GlFSrIkEfyrVMk=
github.com/llir/llvm v0.3.0-pre3/go.mod h1:kW4e6xyLfWqy3fzrTJN6dA83tkMZleHxT3IxH/RRzM8=
github.com/llir/llvm v0.3.0-pre5 h1:23FAmKbkTBCjOOgYSwgTAnNwHeMPzFVm/99LbdX4l24=
github.com/llir/llvm v0.3.0-pre5/go.mod h1:+ufojQPE9iR5h7g9CqjTQNdTrglB9+RhRSbnrkd+5XQ=
github.com/llir/llvm v0.3.0-pre6 h1:fN81cWhhvHwhZIgD73InEaVMgLKUTVJX6cRKLJbhl8k=
github.com/llir/llvm v0.3.0-pre6/go.mod h1:e3ZSG/wmhSQ+Z8lvL9jtN+McfuZaivudis0SmvdRCPk=
github.com/llir/llvm v0.3.0-pre7 h1:zTzXeXXNVllvHlPS9hIy56A0Nvu2qC4ouh0z8vHvw8g=
github.com/llir/llvm v0.3.0-pre7/go.mod h1:cjDv5v+hXwGbEFpgg/wrrKc3Taq7PLwJUF9RHr/GIDU=
github.com/llir/llvm v0.3.0-pre7.0.20191226123353-433f268c0421 h1:xtVDeGdH8yuwmnt3lLRgRSrp3czug1cTbA/gbiiU5RA=
github.com/llir/llvm v0.3.0-pre7.0.20191226123353-433f268c0421/go.mod h1:WHhIakX7hnQxRbVO3PWIpHlrTVlLeirJyx0yWm4YkNs=
github.com/mewkiz/pkg v0.0.0-20181119122551-9729f4f4ff2b h1:XHFBx9ZEVHnSCRiTz7w1a/NRBk9x7iyFiqnoN6R+vu8=
github.com/mewkiz/pkg v0.0.0-20181119122551-9729f4f4ff2b/go.mod h1:bhmdGJSMX5WCIBFmk27tBnUvBJm5WxXmarBV41qvbNI=
github.com/mewkiz/pkg v0.0.0-20181231041609-5720a0c5985d h1:XZYaJp18ZgsSPTgsELqyfedkxkzLnb6luMFQVn6XXDY=
github.com/mewkiz/pkg v0.0.0-20181231041609-5720a0c5985d/go.mod h1:bhmdGJSMX5WCIBFmk27tBnUvBJm5WxXmarBV41qvbNI=
github.com/mewkiz/pkg v0.0.0-20190919212034-518ade7978e2 h1:EyTNMdePWaoWsRSGQnXiSoQu0r6RS1eA557AwJhlzHU=
github.com/mewkiz/pkg v0.0.0-20190919212034-518ade7978e2/go.mod h1:3E2FUC/qYUfM8+r9zAwpeHJzqRVVMIYnpzD/clwWxyA=
github.com/mewmew/float v0.0.0-20181121163145-c0f786d7da73 h1:bTqCgPsW3TFb9MFtvaOmGFWVhCmN3EmRw02zkchdOHo=
github.com/mewmew/float v0.0.0-20181121163145-c0f786d7da73/go.mod h1:obQBs6O+vjhgOZLkGdALxItKw4xrI49lSBEnAMO6lWI=
github.com/mewmew/float v0.0.0-20191226120903-16bbe2fdd85e h1:KCD7E/8LKwDsC5ymlEWJ3xCiSPaCywrS/psToBMOBH4=
github.com/mewmew/float v0.0.0-20191226120903-16bbe2fdd85e/go.mod h1:O+xb+8ycBNHzJicFVs7GRWtruD4tVZI0huVnw5TM01E=
github.com/mewspring/tools v0.0.0-20181107085742-4dbfa080ff87/go.mod h1:UAdVbSksr+7Bg+z4mga16OaBg3qAcgdaF3x3AeqJHEs=
github.com/mewspring/tools v0.0.0-20181204020634-6c6637dc82b6 h1:J/FwQ6PvTeHbDkhGt+nDlIXXGRdXUCqVdL85tmHflAg=
github.com/mewspring/tools v0.0.0-20181204020634-6c6637dc82b6/go.mod h1:UAdVbSksr+7Bg+z4mga16OaBg3qAcgdaF3x3AeqJHEs=
github.com/mewspring/tools v0.0.0-20191031203036-122e7c80ae0a h1:Bgb7myjG5GA2qL+rXzV1pc3lbKXVEc4NhUfciOvWp+E=
github.com/mewspring/tools v0.0.0-20191031203036-122e7c80ae0a/go.mod h1:QEmU0TSELL2hDAiUxfPAjLuC10uK0CkvFULzHIUZ1us=
github.com/pkg/errors v0.8.0 h1:WdK/asTD0HN+q6hsWO3/vpuAkAr+tw6aNJNDFFf0+qw=
github.com/pkg/errors v0.8.0/go.mod h1:bwawxfHBFNV+L2hUp1rHADufV3IMtnDRdf1r5NINEl0=
github.com/pkg/errors v0.8.1 h1:iURUrRGxPUNPdy5/HRSm+Yj6okJ6UtLINN0Q9M4+h3I=
github.com/pkg/errors v0.8.1/go.mod h1:bwawxfHBFNV+L2hUp1rHADufV3IMtnDRdf1r5NINEl0=
github.com/pmezard/go-difflib v1.0.0 h1:4DBwDE0NGyQoBHbLQYPwSUPoCMWR5BEzIk/f1lZbAQM=
github.com/pmezard/go-difflib v1.0.0/go.mod h1:iKH77koFhYxTK1pcRnkKkqfTogsbg7gZNVY4sRDYZ/4=
github.com/rickypai/natsort v0.0.0-20180124032556-f194e6bd5b0c h1:wq5MmT1Whub72MXlR2I5jWTQ3Q5wkNXnVBY21Q3Qzis=
github.com/rickypai/natsort v0.0.0-20180124032556-f194e6bd5b0c/go.mod h1:ECfieXu+EwvGnmpzRZvaAN0U/Jese1LX/BqX3HF1Kl0=
github.com/sergi/go-diff v1.0.0 h1:Kpca3qRNrduNnOQeazBd0ysaKrUJiIuISHxogkT9RPQ=
github.com/sergi/go-diff v1.0.0/go.mod h1:0CfEIISq7TuYL3j771MWULgwwjU+GofnZX9QAmXWZgo=
github.com/sergi/go-diff v1.1.0 h1:we8PVUC3FE2uYfodKH/nBHMSetSfHDR6scGdBi+erh0=
github.com/sergi/go-diff v1.1.0/go.mod h1:STckp+ISIX8hZLjrqAeVduY0gWCT9IjLuqbuNXdaHfM=
github.com/spf13/pflag v1.0.3 h1:zPAT6CGy6wXeQ7NtTnaTerfKOsV6V6F8agHXFiazDkg=
github.com/spf13/pflag v1.0.3/go.mod h1:DYY7MBk1bdzusC3SYhjObp+wFpr4gzcvqqNjLnInEg4=
github.com/spf13/pflag v1.0.5 h1:iy+VFUOCP1a+8yFto/drg2CJ5u0yRoB7fZw3DKv/JXA=
github.com/spf13/pflag v1.0.5/go.mod h1:McXfInJRrz4CZXVZOBLb0bTZqETkiAhM9Iw0y3An2Bg=
github.com/stretchr/objx v0.1.0 h1:4G4v2dO3VZwixGIRoQ5Lfboy6nUhCyYzaqnIAPPhYs4=
github.com/stretchr/objx v0.1.0/go.mod h1:HFkY916IF+rwdDfMAkV7OtwuqBVzrE8GR6GFx+wExME=
github.com/stretchr/testify v1.2.2/go.mod h1:a8OnRcib4nhh0OaRAV+Yts87kKdq0PP7pXfy6kDkUVs=
github.com/stretchr/testify v1.3.0 h1:TivCn/peBQ7UY8ooIcPgZFpTNSz0Q2U6UrFlUfqbe0Q=
github.com/stretchr/testify v1.3.0/go.mod h1:M5WIy9Dh21IEIfnGCwXGc5bZfKNJtfHm1UVUgZn+9EI=
github.com/stretchr/testify v1.4.0 h1:2E4SXV/wtOkTonXsotYi4li6zVWxYlZuYNCXe9XRJyk=
github.com/stretchr/testify v1.4.0/go.mod h1:j7eGeouHqKxXV5pUuKE4zz7dFj8WfuZ+81PSLYec5m4=
golang.org/x/crypto v0.0.0-20190308221718-c2843e01d9a2/go.mod h1:djNgcEr1/C05ACkg1iLfiJU5Ep61QUkGW8qpdssI0+w=
golang.org/x/crypto v0.0.0-20191011191535-87dc89f01550/go.mod h1:yigFU9vqHzYiE8UmvKecakEJjdnWj3jj499lnFckfCI=
golang.org/x/image v0.0.0-20190220214146-31aff87c08e9/go.mod h1:kZ7UVZpmo3dzQBMxlp+ypCbDeSB+sBbTgSJuh5dn5js=
golang.org/x/mod v0.1.1-0.20191105210325-c90efee705ee/go.mod h1:QqPTAvyqsEbceGzBzNggFXnrqF1CaUcvgkdR5Ot7KZg=
golang.org/x/net v0.0.0-20190213061140-3a22650c66bd/go.mod h1:mL1N/T3taQHkDXs73rZJwtUhF3w3ftmwwsq0BUmARs4=
golang.org/x/net v0.0.0-20190404232315-eb5bcb51f2a3/go.mod h1:t9HGtf8HONx5eT2rtn7q6eTqICYqUVnKs3thJo3Qplg=
golang.org/x/net v0.0.0-20190620200207-3b0461eec859/go.mod h1:z5CRVTTTmAJ677TzLLGU+0bjPO0LkuOLi4/5GtJWs/s=
golang.org/x/sync v0.0.0-20190423024810-112230192c58/go.mod h1:RxMgew5VJxzue5/jJTE5uejpjVlOe/izrB70Jof72aM=
golang.org/x/sys v0.0.0-20190215142949-d0b11bdaac8a/go.mod h1:STP8DvDyc/dI5b8T5hshtkjS+E42TnysNCUPdjciGhY=
golang.org/x/sys v0.0.0-20190412213103-97732733099d/go.mod h1:h1NjWce9XRLGQEsW7wpKNCjG9DtNlClVuFLEZdDNbEs=
golang.org/x/text v0.3.0/go.mod h1:NqM8EUOU14njkJ3fqMW+pc6Ldnwhi/IjpwHt7yyuwOQ=
golang.org/x/tools v0.0.0-20181122213734-04b5d21e00f1/go.mod h1:n7NCudcB/nEzxVGmLbDWY5pfWTLqBcC2KZ6jyYvM4mQ=
golang.org/x/tools v0.0.0-20181130052023-1c3d964395ce/go.mod h1:n7NCudcB/nEzxVGmLbDWY5pfWTLqBcC2KZ6jyYvM4mQ=
golang.org/x/tools v0.0.0-20181210225255-6a3e9aa2ab77/go.mod h1:n7NCudcB/nEzxVGmLbDWY5pfWTLqBcC2KZ6jyYvM4mQ=
golang.org/x/tools v0.0.0-20181221235234-d00ac6d27372/go.mod h1:n7NCudcB/nEzxVGmLbDWY5pfWTLqBcC2KZ6jyYvM4mQ=
golang.org/x/tools v0.0.0-20190102213336-ca9055ed7d04 h1:8UOlX24EQmpdZCColvpawRF3mZBG+UvrFKJJTKbQEWE=
golang.org/x/tools v0.0.0-20190102213336-ca9055ed7d04/go.mod h1:n7NCudcB/nEzxVGmLbDWY5pfWTLqBcC2KZ6jyYvM4mQ=
golang.org/x/tools v0.0.0-20191028143239-8715e36070db/go.mod h1:b+2E5dAYhXwXZwtnZ6UAqBI28+e2cm9otk0dWdXHAEo=
golang.org/x/tools v0.0.0-20191031220737-6d8f1af9ccc0/go.mod h1:b+2E5dAYhXwXZwtnZ6UAqBI28+e2cm9otk0dWdXHAEo=
golang.org/x/tools v0.0.0-20191224055732-dd894d0a8a40 h1:UyP2XDSgSc8ldYCxAK735zQxeH3Gd81sK7Iy7AoaVxk=
golang.org/x/tools v0.0.0-20191224055732-dd894d0a8a40/go.mod h1:TB2adYChydJhpapKDTa4BR/hXlZSLoq2Wpct/0txZ28=
golang.org/x/xerrors v0.0.0-20190717185122-a985d3407aa7/go.mod h1:I/5z698sn9Ka8TeJc9MKroUUfqBBauWjQqLJ2OPfmY0=
golang.org/x/xerrors v0.0.0-20191011141410-1b5146add898/go.mod h1:I/5z698sn9Ka8TeJc9MKroUUfqBBauWjQqLJ2OPfmY0=
gopkg.in/check.v1 v0.0.0-20161208181325-20d25e280405/go.mod h1:Co6ibVJAznAaIkqp8huTwlJQCZ016jof/cbN4VW5Yz0=
gopkg.in/check.v1 v1.0.0-20190902080502-41f04d3bba15/go.mod h1:Co6ibVJAznAaIkqp8huTwlJQCZ016jof/cbN4VW5Yz0=
gopkg.in/yaml.v2 v2.2.2 h1:ZCJp+EgiOT7lHqUV2J862kp8Qj64Jo6az82+3Td9dZw=
gopkg.in/yaml.v2 v2.2.2/go.mod h1:hI93XBmqTisBFMUTm0b8Fm+jr3Dg1NNxqwp+5A1VGuI=
gopkg.in/yaml.v2 v2.2.4 h1:/eiJrUcujPVeJ3xlSWaiNi3uSVmDGBK1pDHUHAnao1I=
gopkg.in/yaml.v2 v2.2.4/go.mod h1:hI93XBmqTisBFMUTm0b8Fm+jr3Dg1NNxqwp+5A1VGuI=
